// !$*UTF8*$!
{
	archiveVersion = 1;
	classes = {
	};
	objectVersion = 46;
	objects = {

/* Begin PBXBuildFile section */
		19022ECD183328890057EB7A /* Foundation.framework in Frameworks */ = {isa = PBXBuildFile; fileRef = 19022ECC183328890057EB7A /* Foundation.framework */; };
		19022ECF183328890057EB7A /* CoreGraphics.framework in Frameworks */ = {isa = PBXBuildFile; fileRef = 19022ECE183328890057EB7A /* CoreGraphics.framework */; };
		19022ED1183328890057EB7A /* UIKit.framework in Frameworks */ = {isa = PBXBuildFile; fileRef = 19022ED0183328890057EB7A /* UIKit.framework */; };
		19022ED3183328890057EB7A /* CoreData.framework in Frameworks */ = {isa = PBXBuildFile; fileRef = 19022ED2183328890057EB7A /* CoreData.framework */; };
		19022ED9183328890057EB7A /* InfoPlist.strings in Resources */ = {isa = PBXBuildFile; fileRef = 19022ED7183328890057EB7A /* InfoPlist.strings */; };
		19022EDB183328890057EB7A /* main.m in Sources */ = {isa = PBXBuildFile; fileRef = 19022EDA183328890057EB7A /* main.m */; };
		19022EDF183328890057EB7A /* AppDelegate.m in Sources */ = {isa = PBXBuildFile; fileRef = 19022EDE183328890057EB7A /* AppDelegate.m */; };
		19022EE2183328890057EB7A /* YumList.xcdatamodeld in Sources */ = {isa = PBXBuildFile; fileRef = 19022EE0183328890057EB7A /* YumList.xcdatamodeld */; };
		19022EE4183328890057EB7A /* Images.xcassets in Resources */ = {isa = PBXBuildFile; fileRef = 19022EE3183328890057EB7A /* Images.xcassets */; };
		19022EEB183328890057EB7A /* XCTest.framework in Frameworks */ = {isa = PBXBuildFile; fileRef = 19022EEA183328890057EB7A /* XCTest.framework */; };
		19022EEC183328890057EB7A /* Foundation.framework in Frameworks */ = {isa = PBXBuildFile; fileRef = 19022ECC183328890057EB7A /* Foundation.framework */; };
		19022EED183328890057EB7A /* UIKit.framework in Frameworks */ = {isa = PBXBuildFile; fileRef = 19022ED0183328890057EB7A /* UIKit.framework */; };
		19022EEE183328890057EB7A /* CoreData.framework in Frameworks */ = {isa = PBXBuildFile; fileRef = 19022ED2183328890057EB7A /* CoreData.framework */; };
		19022EF6183328890057EB7A /* InfoPlist.strings in Resources */ = {isa = PBXBuildFile; fileRef = 19022EF4183328890057EB7A /* InfoPlist.strings */; };
		19022EF8183328890057EB7A /* YumListTests.m in Sources */ = {isa = PBXBuildFile; fileRef = 19022EF7183328890057EB7A /* YumListTests.m */; };
		19022F0818332E400057EB7A /* PersistenceManager.m in Sources */ = {isa = PBXBuildFile; fileRef = 19022F0718332E400057EB7A /* PersistenceManager.m */; };
		19022F1318334E2F0057EB7A /* ListItemTests.m in Sources */ = {isa = PBXBuildFile; fileRef = 19022F1218334E2F0057EB7A /* ListItemTests.m */; };
		19022F1718335A950057EB7A /* ListTableView.m in Sources */ = {isa = PBXBuildFile; fileRef = 19022F1618335A950057EB7A /* ListTableView.m */; };
		19022F1A18335BD70057EB7A /* NSFetchedResultsControllerFactory.m in Sources */ = {isa = PBXBuildFile; fileRef = 19022F1918335BD70057EB7A /* NSFetchedResultsControllerFactory.m */; };
		19022F1E183361470057EB7A /* ListItemTableViewCell.m in Sources */ = {isa = PBXBuildFile; fileRef = 19022F1D183361470057EB7A /* ListItemTableViewCell.m */; };
		19022F221833635F0057EB7A /* FormatUtils.m in Sources */ = {isa = PBXBuildFile; fileRef = 19022F211833635F0057EB7A /* FormatUtils.m */; };
		19022F2618336D8F0057EB7A /* TableViewTests.m in Sources */ = {isa = PBXBuildFile; fileRef = 19022F2518336D8F0057EB7A /* TableViewTests.m */; };
		19022F2918336DF50057EB7A /* TestDataGenerator.m in Sources */ = {isa = PBXBuildFile; fileRef = 19022F2818336DF50057EB7A /* TestDataGenerator.m */; };
		19022F32183381B50057EB7A /* TestDataGenerator.m in Sources */ = {isa = PBXBuildFile; fileRef = 19022F2818336DF50057EB7A /* TestDataGenerator.m */; };
		19022F51183442D00057EB7A /* AddListItemTableViewHeader.m in Sources */ = {isa = PBXBuildFile; fileRef = 19022F50183442D00057EB7A /* AddListItemTableViewHeader.m */; };
		19022F5418344AD90057EB7A /* AFTextField.m in Sources */ = {isa = PBXBuildFile; fileRef = 19022F5318344AD90057EB7A /* AFTextField.m */; };
		191741321841684800A043EA /* ListItem.m in Sources */ = {isa = PBXBuildFile; fileRef = 19022F0318332E0A0057EB7A /* ListItem.m */; };
		197A58E718429249008CDFA6 /* LeftViewController.m in Sources */ = {isa = PBXBuildFile; fileRef = 197A58E618429249008CDFA6 /* LeftViewController.m */; };
		197A58EA184294EB008CDFA6 /* HeaderToolbar.m in Sources */ = {isa = PBXBuildFile; fileRef = 197A58E9184294EB008CDFA6 /* HeaderToolbar.m */; };
		197A58ED1842A5A7008CDFA6 /* AddYumSourceSheet.m in Sources */ = {isa = PBXBuildFile; fileRef = 197A58EC1842A5A7008CDFA6 /* AddYumSourceSheet.m */; };
		199A33A218416AE100B9F368 /* YumItem.m in Sources */ = {isa = PBXBuildFile; fileRef = 199A33A118416AE100B9F368 /* YumItem.m */; };
		199A33A518416F4700B9F368 /* UIView+LayoutHelpers.m in Sources */ = {isa = PBXBuildFile; fileRef = 199A33A418416F4700B9F368 /* UIView+LayoutHelpers.m */; };
		199A33A718427A2A00B9F368 /* Reveal.framework in Frameworks */ = {isa = PBXBuildFile; fileRef = 199A33A618427A2A00B9F368 /* Reveal.framework */; settings = {ATTRIBUTES = (Weak, ); }; };
		19A35AB718411F9600F5966A /* YumCollectorTests.m in Sources */ = {isa = PBXBuildFile; fileRef = 19A35AB618411F9600F5966A /* YumCollectorTests.m */; };
		19A35ABA1841238000F5966A /* yum-collection.html in Resources */ = {isa = PBXBuildFile; fileRef = 19A35AB91841238000F5966A /* yum-collection.html */; };
		19A35AC71841345700F5966A /* YumCollector.m in Sources */ = {isa = PBXBuildFile; fileRef = 19A35AC61841345700F5966A /* YumCollector.m */; };
		19A35ACA184135EA00F5966A /* YumItem+YumItemHelpers.m in Sources */ = {isa = PBXBuildFile; fileRef = 19A35AC9184135EA00F5966A /* YumItem+YumItemHelpers.m */; };
		19A35ACD18413A0300F5966A /* YumParser.m in Sources */ = {isa = PBXBuildFile; fileRef = 19A35ACC18413A0300F5966A /* YumParser.m */; };
		19A633F5183B5B32002B8867 /* ListItem+ListItemHelpers.m in Sources */ = {isa = PBXBuildFile; fileRef = 19A633F3183B5B32002B8867 /* ListItem+ListItemHelpers.m */; };
		19A633FA183B8DAA002B8867 /* MainViewController.m in Sources */ = {isa = PBXBuildFile; fileRef = 19022F10183348AA0057EB7A /* MainViewController.m */; };
		19A633FD183B90DE002B8867 /* AFCheckbox.m in Sources */ = {isa = PBXBuildFile; fileRef = 19A633FC183B90DE002B8867 /* AFCheckbox.m */; };
		19A63401183B9EA2002B8867 /* Raleway-Regular.ttf in Resources */ = {isa = PBXBuildFile; fileRef = 19A63400183B9EA2002B8867 /* Raleway-Regular.ttf */; };
		19A63403183BAA59002B8867 /* Raleway-Thin.ttf in Resources */ = {isa = PBXBuildFile; fileRef = 19A63402183BAA59002B8867 /* Raleway-Thin.ttf */; };
		19A63406183BAF8E002B8867 /* checkbox_underline.png in Resources */ = {isa = PBXBuildFile; fileRef = 19A63404183BAF8E002B8867 /* checkbox_underline.png */; };
		19A63407183BAF8E002B8867 /* checkbox_underline@2x.png in Resources */ = {isa = PBXBuildFile; fileRef = 19A63405183BAF8E002B8867 /* checkbox_underline@2x.png */; };
		19A6340C183BB5DA002B8867 /* NSString+Random.m in Sources */ = {isa = PBXBuildFile; fileRef = 19A63409183BB5DA002B8867 /* NSString+Random.m */; settings = {COMPILER_FLAGS = "-fno-objc-arc"; }; };
		19A6340D183BB5DA002B8867 /* NSStringRandom.m in Sources */ = {isa = PBXBuildFile; fileRef = 19A6340B183BB5DA002B8867 /* NSStringRandom.m */; settings = {COMPILER_FLAGS = "-fno-objc-arc"; }; };
		19A9628B1842A929008E7CD1 /* YumSource.m in Sources */ = {isa = PBXBuildFile; fileRef = 19A9628A1842A929008E7CD1 /* YumSource.m */; };
		19A9628E1842CDF8008E7CD1 /* AddYumSourceCell.m in Sources */ = {isa = PBXBuildFile; fileRef = 19A9628D1842CDF8008E7CD1 /* AddYumSourceCell.m */; };
		19BD001C183AEBCD00A95C6C /* NSManagedObject+Helpers.m in Sources */ = {isa = PBXBuildFile; fileRef = 19022F0B18333B700057EB7A /* NSManagedObject+Helpers.m */; };
		33E85E9DC8F741688B5F9617 /* libPods-YumList.a in Frameworks */ = {isa = PBXBuildFile; fileRef = BAD75CB70ACC4647A45D91BD /* libPods-YumList.a */; };
		9D39F315819346079BFDD5B4 /* libPods-YumListTests.a in Frameworks */ = {isa = PBXBuildFile; fileRef = 0C7A10C88FC94EB3AABAA660 /* libPods-YumListTests.a */; };
/* End PBXBuildFile section */

/* Begin PBXContainerItemProxy section */
		19022EEF183328890057EB7A /* PBXContainerItemProxy */ = {
			isa = PBXContainerItemProxy;
			containerPortal = 19022EC1183328890057EB7A /* Project object */;
			proxyType = 1;
			remoteGlobalIDString = 19022EC8183328890057EB7A;
			remoteInfo = YumList;
		};
/* End PBXContainerItemProxy section */

/* Begin PBXFileReference section */
		0C7A10C88FC94EB3AABAA660 /* libPods-YumListTests.a */ = {isa = PBXFileReference; explicitFileType = archive.ar; includeInIndex = 0; path = "libPods-YumListTests.a"; sourceTree = BUILT_PRODUCTS_DIR; };
		19022EC9183328890057EB7A /* YumList.app */ = {isa = PBXFileReference; explicitFileType = wrapper.application; includeInIndex = 0; path = YumList.app; sourceTree = BUILT_PRODUCTS_DIR; };
		19022ECC183328890057EB7A /* Foundation.framework */ = {isa = PBXFileReference; lastKnownFileType = wrapper.framework; name = Foundation.framework; path = System/Library/Frameworks/Foundation.framework; sourceTree = SDKROOT; };
		19022ECE183328890057EB7A /* CoreGraphics.framework */ = {isa = PBXFileReference; lastKnownFileType = wrapper.framework; name = CoreGraphics.framework; path = System/Library/Frameworks/CoreGraphics.framework; sourceTree = SDKROOT; };
		19022ED0183328890057EB7A /* UIKit.framework */ = {isa = PBXFileReference; lastKnownFileType = wrapper.framework; name = UIKit.framework; path = System/Library/Frameworks/UIKit.framework; sourceTree = SDKROOT; };
		19022ED2183328890057EB7A /* CoreData.framework */ = {isa = PBXFileReference; lastKnownFileType = wrapper.framework; name = CoreData.framework; path = System/Library/Frameworks/CoreData.framework; sourceTree = SDKROOT; };
		19022ED6183328890057EB7A /* YumList-Info.plist */ = {isa = PBXFileReference; lastKnownFileType = text.plist.xml; path = "YumList-Info.plist"; sourceTree = "<group>"; };
		19022ED8183328890057EB7A /* en */ = {isa = PBXFileReference; lastKnownFileType = text.plist.strings; name = en; path = en.lproj/InfoPlist.strings; sourceTree = "<group>"; };
		19022EDA183328890057EB7A /* main.m */ = {isa = PBXFileReference; lastKnownFileType = sourcecode.c.objc; path = main.m; sourceTree = "<group>"; };
		19022EDC183328890057EB7A /* YumList-Prefix.pch */ = {isa = PBXFileReference; lastKnownFileType = sourcecode.c.h; path = "YumList-Prefix.pch"; sourceTree = "<group>"; };
		19022EDD183328890057EB7A /* AppDelegate.h */ = {isa = PBXFileReference; lastKnownFileType = sourcecode.c.h; path = AppDelegate.h; sourceTree = "<group>"; };
		19022EDE183328890057EB7A /* AppDelegate.m */ = {isa = PBXFileReference; lastKnownFileType = sourcecode.c.objc; path = AppDelegate.m; sourceTree = "<group>"; };
		19022EE1183328890057EB7A /* YumList.xcdatamodel */ = {isa = PBXFileReference; lastKnownFileType = wrapper.xcdatamodel; path = YumList.xcdatamodel; sourceTree = "<group>"; };
		19022EE3183328890057EB7A /* Images.xcassets */ = {isa = PBXFileReference; lastKnownFileType = folder.assetcatalog; path = Images.xcassets; sourceTree = "<group>"; };
		19022EE9183328890057EB7A /* YumListTests.xctest */ = {isa = PBXFileReference; explicitFileType = wrapper.cfbundle; includeInIndex = 0; path = YumListTests.xctest; sourceTree = BUILT_PRODUCTS_DIR; };
		19022EEA183328890057EB7A /* XCTest.framework */ = {isa = PBXFileReference; lastKnownFileType = wrapper.framework; name = XCTest.framework; path = Library/Frameworks/XCTest.framework; sourceTree = DEVELOPER_DIR; };
		19022EF3183328890057EB7A /* YumListTests-Info.plist */ = {isa = PBXFileReference; lastKnownFileType = text.plist.xml; path = "YumListTests-Info.plist"; sourceTree = "<group>"; };
		19022EF5183328890057EB7A /* en */ = {isa = PBXFileReference; lastKnownFileType = text.plist.strings; name = en; path = en.lproj/InfoPlist.strings; sourceTree = "<group>"; };
		19022EF7183328890057EB7A /* YumListTests.m */ = {isa = PBXFileReference; lastKnownFileType = sourcecode.c.objc; path = YumListTests.m; sourceTree = "<group>"; };
		19022F0218332E0A0057EB7A /* ListItem.h */ = {isa = PBXFileReference; fileEncoding = 4; lastKnownFileType = sourcecode.c.h; name = ListItem.h; path = Classes/ListItem.h; sourceTree = "<group>"; };
		19022F0318332E0A0057EB7A /* ListItem.m */ = {isa = PBXFileReference; fileEncoding = 4; lastKnownFileType = sourcecode.c.objc; name = ListItem.m; path = Classes/ListItem.m; sourceTree = "<group>"; };
		19022F0618332E400057EB7A /* PersistenceManager.h */ = {isa = PBXFileReference; fileEncoding = 4; lastKnownFileType = sourcecode.c.h; name = PersistenceManager.h; path = Classes/PersistenceManager.h; sourceTree = "<group>"; };
		19022F0718332E400057EB7A /* PersistenceManager.m */ = {isa = PBXFileReference; fileEncoding = 4; lastKnownFileType = sourcecode.c.objc; name = PersistenceManager.m; path = Classes/PersistenceManager.m; sourceTree = "<group>"; };
		19022F0A18333B700057EB7A /* NSManagedObject+Helpers.h */ = {isa = PBXFileReference; fileEncoding = 4; lastKnownFileType = sourcecode.c.h; name = "NSManagedObject+Helpers.h"; path = "Classes/NSManagedObject+Helpers.h"; sourceTree = "<group>"; };
		19022F0B18333B700057EB7A /* NSManagedObject+Helpers.m */ = {isa = PBXFileReference; fileEncoding = 4; lastKnownFileType = sourcecode.c.objc; name = "NSManagedObject+Helpers.m"; path = "Classes/NSManagedObject+Helpers.m"; sourceTree = "<group>"; };
		19022F0F183348AA0057EB7A /* MainViewController.h */ = {isa = PBXFileReference; fileEncoding = 4; lastKnownFileType = sourcecode.c.h; name = MainViewController.h; path = Classes/MainViewController.h; sourceTree = "<group>"; };
		19022F10183348AA0057EB7A /* MainViewController.m */ = {isa = PBXFileReference; fileEncoding = 4; lastKnownFileType = sourcecode.c.objc; name = MainViewController.m; path = Classes/MainViewController.m; sourceTree = "<group>"; };
		19022F1218334E2F0057EB7A /* ListItemTests.m */ = {isa = PBXFileReference; fileEncoding = 4; lastKnownFileType = sourcecode.c.objc; path = ListItemTests.m; sourceTree = "<group>"; };
		19022F1518335A950057EB7A /* ListTableView.h */ = {isa = PBXFileReference; fileEncoding = 4; lastKnownFileType = sourcecode.c.h; name = ListTableView.h; path = Classes/ListTableView.h; sourceTree = "<group>"; };
		19022F1618335A950057EB7A /* ListTableView.m */ = {isa = PBXFileReference; fileEncoding = 4; lastKnownFileType = sourcecode.c.objc; name = ListTableView.m; path = Classes/ListTableView.m; sourceTree = "<group>"; };
		19022F1818335BD70057EB7A /* NSFetchedResultsControllerFactory.h */ = {isa = PBXFileReference; fileEncoding = 4; lastKnownFileType = sourcecode.c.h; name = NSFetchedResultsControllerFactory.h; path = Classes/NSFetchedResultsControllerFactory.h; sourceTree = "<group>"; };
		19022F1918335BD70057EB7A /* NSFetchedResultsControllerFactory.m */ = {isa = PBXFileReference; fileEncoding = 4; lastKnownFileType = sourcecode.c.objc; name = NSFetchedResultsControllerFactory.m; path = Classes/NSFetchedResultsControllerFactory.m; sourceTree = "<group>"; };
		19022F1B18335C830057EB7A /* Constants.h */ = {isa = PBXFileReference; lastKnownFileType = sourcecode.c.h; path = Constants.h; sourceTree = "<group>"; };
		19022F1C183361470057EB7A /* ListItemTableViewCell.h */ = {isa = PBXFileReference; fileEncoding = 4; lastKnownFileType = sourcecode.c.h; name = ListItemTableViewCell.h; path = Classes/ListItemTableViewCell.h; sourceTree = "<group>"; };
		19022F1D183361470057EB7A /* ListItemTableViewCell.m */ = {isa = PBXFileReference; fileEncoding = 4; lastKnownFileType = sourcecode.c.objc; name = ListItemTableViewCell.m; path = Classes/ListItemTableViewCell.m; sourceTree = "<group>"; };
		19022F201833635F0057EB7A /* FormatUtils.h */ = {isa = PBXFileReference; fileEncoding = 4; lastKnownFileType = sourcecode.c.h; name = FormatUtils.h; path = Classes/FormatUtils.h; sourceTree = "<group>"; };
		19022F211833635F0057EB7A /* FormatUtils.m */ = {isa = PBXFileReference; fileEncoding = 4; lastKnownFileType = sourcecode.c.objc; name = FormatUtils.m; path = Classes/FormatUtils.m; sourceTree = "<group>"; };
		19022F2518336D8F0057EB7A /* TableViewTests.m */ = {isa = PBXFileReference; fileEncoding = 4; lastKnownFileType = sourcecode.c.objc; path = TableViewTests.m; sourceTree = "<group>"; };
		19022F2818336DF50057EB7A /* TestDataGenerator.m */ = {isa = PBXFileReference; fileEncoding = 4; lastKnownFileType = sourcecode.c.objc; path = TestDataGenerator.m; sourceTree = "<group>"; };
		19022F31183376050057EB7A /* TestDataGenerator.h */ = {isa = PBXFileReference; lastKnownFileType = sourcecode.c.h; path = TestDataGenerator.h; sourceTree = "<group>"; };
		19022F4F183442D00057EB7A /* AddListItemTableViewHeader.h */ = {isa = PBXFileReference; fileEncoding = 4; lastKnownFileType = sourcecode.c.h; name = AddListItemTableViewHeader.h; path = Classes/AddListItemTableViewHeader.h; sourceTree = "<group>"; };
		19022F50183442D00057EB7A /* AddListItemTableViewHeader.m */ = {isa = PBXFileReference; fileEncoding = 4; lastKnownFileType = sourcecode.c.objc; name = AddListItemTableViewHeader.m; path = Classes/AddListItemTableViewHeader.m; sourceTree = "<group>"; };
		19022F5218344AD90057EB7A /* AFTextField.h */ = {isa = PBXFileReference; fileEncoding = 4; lastKnownFileType = sourcecode.c.h; name = AFTextField.h; path = Classes/AFTextField.h; sourceTree = "<group>"; };
		19022F5318344AD90057EB7A /* AFTextField.m */ = {isa = PBXFileReference; fileEncoding = 4; lastKnownFileType = sourcecode.c.objc; name = AFTextField.m; path = Classes/AFTextField.m; sourceTree = "<group>"; };
		197A58E518429249008CDFA6 /* LeftViewController.h */ = {isa = PBXFileReference; fileEncoding = 4; lastKnownFileType = sourcecode.c.h; name = LeftViewController.h; path = Classes/LeftViewController.h; sourceTree = "<group>"; };
		197A58E618429249008CDFA6 /* LeftViewController.m */ = {isa = PBXFileReference; fileEncoding = 4; lastKnownFileType = sourcecode.c.objc; name = LeftViewController.m; path = Classes/LeftViewController.m; sourceTree = "<group>"; };
		197A58E8184294EB008CDFA6 /* HeaderToolbar.h */ = {isa = PBXFileReference; fileEncoding = 4; lastKnownFileType = sourcecode.c.h; name = HeaderToolbar.h; path = Classes/HeaderToolbar.h; sourceTree = "<group>"; };
		197A58E9184294EB008CDFA6 /* HeaderToolbar.m */ = {isa = PBXFileReference; fileEncoding = 4; lastKnownFileType = sourcecode.c.objc; name = HeaderToolbar.m; path = Classes/HeaderToolbar.m; sourceTree = "<group>"; };
		197A58EB1842A5A7008CDFA6 /* AddYumSourceSheet.h */ = {isa = PBXFileReference; fileEncoding = 4; lastKnownFileType = sourcecode.c.h; name = AddYumSourceSheet.h; path = Classes/AddYumSourceSheet.h; sourceTree = "<group>"; };
		197A58EC1842A5A7008CDFA6 /* AddYumSourceSheet.m */ = {isa = PBXFileReference; fileEncoding = 4; lastKnownFileType = sourcecode.c.objc; name = AddYumSourceSheet.m; path = Classes/AddYumSourceSheet.m; sourceTree = "<group>"; };
		199A33A018416AE100B9F368 /* YumItem.h */ = {isa = PBXFileReference; fileEncoding = 4; lastKnownFileType = sourcecode.c.h; name = YumItem.h; path = Classes/YumItem.h; sourceTree = "<group>"; };
		199A33A118416AE100B9F368 /* YumItem.m */ = {isa = PBXFileReference; fileEncoding = 4; lastKnownFileType = sourcecode.c.objc; name = YumItem.m; path = Classes/YumItem.m; sourceTree = "<group>"; };
		199A33A318416F4700B9F368 /* UIView+LayoutHelpers.h */ = {isa = PBXFileReference; fileEncoding = 4; lastKnownFileType = sourcecode.c.h; name = "UIView+LayoutHelpers.h"; path = "Classes/UIView+LayoutHelpers.h"; sourceTree = "<group>"; };
		199A33A418416F4700B9F368 /* UIView+LayoutHelpers.m */ = {isa = PBXFileReference; fileEncoding = 4; lastKnownFileType = sourcecode.c.objc; name = "UIView+LayoutHelpers.m"; path = "Classes/UIView+LayoutHelpers.m"; sourceTree = "<group>"; };
		199A33A618427A2A00B9F368 /* Reveal.framework */ = {isa = PBXFileReference; lastKnownFileType = wrapper.framework; name = Reveal.framework; path = "../../../../../../../Applications/Reveal.app/Contents/SharedSupport/iOS-Libraries/Reveal.framework"; sourceTree = "<group>"; };
		19A35AB618411F9600F5966A /* YumCollectorTests.m */ = {isa = PBXFileReference; fileEncoding = 4; lastKnownFileType = sourcecode.c.objc; path = YumCollectorTests.m; sourceTree = "<group>"; };
		19A35AB91841238000F5966A /* yum-collection.html */ = {isa = PBXFileReference; fileEncoding = 4; lastKnownFileType = text.html; name = "yum-collection.html"; path = "Fixtures/yum-collection.html"; sourceTree = "<group>"; };
		19A35AC51841345700F5966A /* YumCollector.h */ = {isa = PBXFileReference; fileEncoding = 4; lastKnownFileType = sourcecode.c.h; name = YumCollector.h; path = Classes/YumCollector.h; sourceTree = "<group>"; };
		19A35AC61841345700F5966A /* YumCollector.m */ = {isa = PBXFileReference; fileEncoding = 4; lastKnownFileType = sourcecode.c.objc; name = YumCollector.m; path = Classes/YumCollector.m; sourceTree = "<group>"; };
		19A35AC8184135EA00F5966A /* YumItem+YumItemHelpers.h */ = {isa = PBXFileReference; fileEncoding = 4; lastKnownFileType = sourcecode.c.h; name = "YumItem+YumItemHelpers.h"; path = "Classes/YumItem+YumItemHelpers.h"; sourceTree = "<group>"; };
		19A35AC9184135EA00F5966A /* YumItem+YumItemHelpers.m */ = {isa = PBXFileReference; fileEncoding = 4; lastKnownFileType = sourcecode.c.objc; name = "YumItem+YumItemHelpers.m"; path = "Classes/YumItem+YumItemHelpers.m"; sourceTree = "<group>"; };
		19A35ACB18413A0300F5966A /* YumParser.h */ = {isa = PBXFileReference; fileEncoding = 4; lastKnownFileType = sourcecode.c.h; name = YumParser.h; path = Classes/YumParser.h; sourceTree = "<group>"; };
		19A35ACC18413A0300F5966A /* YumParser.m */ = {isa = PBXFileReference; fileEncoding = 4; lastKnownFileType = sourcecode.c.objc; name = YumParser.m; path = Classes/YumParser.m; sourceTree = "<group>"; };
		19A633F3183B5B32002B8867 /* ListItem+ListItemHelpers.m */ = {isa = PBXFileReference; fileEncoding = 4; lastKnownFileType = sourcecode.c.objc; name = "ListItem+ListItemHelpers.m"; path = "Classes/ListItem+ListItemHelpers.m"; sourceTree = "<group>"; };
		19A633F4183B5B32002B8867 /* ListItem+ListItemHelpers.h */ = {isa = PBXFileReference; fileEncoding = 4; lastKnownFileType = sourcecode.c.h; name = "ListItem+ListItemHelpers.h"; path = "Classes/ListItem+ListItemHelpers.h"; sourceTree = "<group>"; };
		19A633FB183B90DE002B8867 /* AFCheckbox.h */ = {isa = PBXFileReference; fileEncoding = 4; lastKnownFileType = sourcecode.c.h; name = AFCheckbox.h; path = Classes/AFCheckbox.h; sourceTree = "<group>"; };
		19A633FC183B90DE002B8867 /* AFCheckbox.m */ = {isa = PBXFileReference; fileEncoding = 4; lastKnownFileType = sourcecode.c.objc; name = AFCheckbox.m; path = Classes/AFCheckbox.m; sourceTree = "<group>"; };
		19A63400183B9EA2002B8867 /* Raleway-Regular.ttf */ = {isa = PBXFileReference; lastKnownFileType = file; path = "Raleway-Regular.ttf"; sourceTree = "<group>"; };
		19A63402183BAA59002B8867 /* Raleway-Thin.ttf */ = {isa = PBXFileReference; lastKnownFileType = file; path = "Raleway-Thin.ttf"; sourceTree = "<group>"; };
		19A63404183BAF8E002B8867 /* checkbox_underline.png */ = {isa = PBXFileReference; lastKnownFileType = image.png; path = checkbox_underline.png; sourceTree = "<group>"; };
		19A63405183BAF8E002B8867 /* checkbox_underline@2x.png */ = {isa = PBXFileReference; lastKnownFileType = image.png; path = "checkbox_underline@2x.png"; sourceTree = "<group>"; };
		19A63408183BB5DA002B8867 /* NSString+Random.h */ = {isa = PBXFileReference; fileEncoding = 4; lastKnownFileType = sourcecode.c.h; name = "NSString+Random.h"; path = "NSStringRandom/NSString+Random.h"; sourceTree = "<group>"; };
		19A63409183BB5DA002B8867 /* NSString+Random.m */ = {isa = PBXFileReference; fileEncoding = 4; lastKnownFileType = sourcecode.c.objc; name = "NSString+Random.m"; path = "NSStringRandom/NSString+Random.m"; sourceTree = "<group>"; };
		19A6340A183BB5DA002B8867 /* NSStringRandom.h */ = {isa = PBXFileReference; fileEncoding = 4; lastKnownFileType = sourcecode.c.h; name = NSStringRandom.h; path = NSStringRandom/NSStringRandom.h; sourceTree = "<group>"; };
		19A6340B183BB5DA002B8867 /* NSStringRandom.m */ = {isa = PBXFileReference; fileEncoding = 4; lastKnownFileType = sourcecode.c.objc; name = NSStringRandom.m; path = NSStringRandom/NSStringRandom.m; sourceTree = "<group>"; };
		19A962891842A929008E7CD1 /* YumSource.h */ = {isa = PBXFileReference; fileEncoding = 4; lastKnownFileType = sourcecode.c.h; name = YumSource.h; path = Classes/YumSource.h; sourceTree = "<group>"; };
		19A9628A1842A929008E7CD1 /* YumSource.m */ = {isa = PBXFileReference; fileEncoding = 4; lastKnownFileType = sourcecode.c.objc; name = YumSource.m; path = Classes/YumSource.m; sourceTree = "<group>"; };
		19A9628C1842CDF8008E7CD1 /* AddYumSourceCell.h */ = {isa = PBXFileReference; fileEncoding = 4; lastKnownFileType = sourcecode.c.h; name = AddYumSourceCell.h; path = Classes/AddYumSourceCell.h; sourceTree = "<group>"; };
		19A9628D1842CDF8008E7CD1 /* AddYumSourceCell.m */ = {isa = PBXFileReference; fileEncoding = 4; lastKnownFileType = sourcecode.c.objc; name = AddYumSourceCell.m; path = Classes/AddYumSourceCell.m; sourceTree = "<group>"; };
		ABFAE3D966F545E385A0486F /* Pods-YumListTests.xcconfig */ = {isa = PBXFileReference; includeInIndex = 1; lastKnownFileType = text.xcconfig; name = "Pods-YumListTests.xcconfig"; path = "Pods/Pods-YumListTests.xcconfig"; sourceTree = "<group>"; };
		BAD75CB70ACC4647A45D91BD /* libPods-YumList.a */ = {isa = PBXFileReference; explicitFileType = archive.ar; includeInIndex = 0; path = "libPods-YumList.a"; sourceTree = BUILT_PRODUCTS_DIR; };
		CF3E5BE010224CDB9FEFF0EB /* Pods-YumList.xcconfig */ = {isa = PBXFileReference; includeInIndex = 1; lastKnownFileType = text.xcconfig; name = "Pods-YumList.xcconfig"; path = "Pods/Pods-YumList.xcconfig"; sourceTree = "<group>"; };
/* End PBXFileReference section */

/* Begin PBXFrameworksBuildPhase section */
		19022EC6183328890057EB7A /* Frameworks */ = {
			isa = PBXFrameworksBuildPhase;
			buildActionMask = 2147483647;
			files = (
				19022ECF183328890057EB7A /* CoreGraphics.framework in Frameworks */,
				19022ED3183328890057EB7A /* CoreData.framework in Frameworks */,
				19022ED1183328890057EB7A /* UIKit.framework in Frameworks */,
				199A33A718427A2A00B9F368 /* Reveal.framework in Frameworks */,
				19022ECD183328890057EB7A /* Foundation.framework in Frameworks */,
				33E85E9DC8F741688B5F9617 /* libPods-YumList.a in Frameworks */,
			);
			runOnlyForDeploymentPostprocessing = 0;
		};
		19022EE6183328890057EB7A /* Frameworks */ = {
			isa = PBXFrameworksBuildPhase;
			buildActionMask = 2147483647;
			files = (
				19022EEB183328890057EB7A /* XCTest.framework in Frameworks */,
				19022EEE183328890057EB7A /* CoreData.framework in Frameworks */,
				19022EED183328890057EB7A /* UIKit.framework in Frameworks */,
				19022EEC183328890057EB7A /* Foundation.framework in Frameworks */,
				9D39F315819346079BFDD5B4 /* libPods-YumListTests.a in Frameworks */,
			);
			runOnlyForDeploymentPostprocessing = 0;
		};
/* End PBXFrameworksBuildPhase section */

/* Begin PBXGroup section */
		19022EC0183328890057EB7A = {
			isa = PBXGroup;
			children = (
				19022ED4183328890057EB7A /* YumList */,
				19022EF1183328890057EB7A /* YumListTests */,
				19022ECB183328890057EB7A /* Frameworks */,
				19022ECA183328890057EB7A /* Products */,
				CF3E5BE010224CDB9FEFF0EB /* Pods-YumList.xcconfig */,
				ABFAE3D966F545E385A0486F /* Pods-YumListTests.xcconfig */,
			);
			sourceTree = "<group>";
		};
		19022ECA183328890057EB7A /* Products */ = {
			isa = PBXGroup;
			children = (
				19022EC9183328890057EB7A /* YumList.app */,
				19022EE9183328890057EB7A /* YumListTests.xctest */,
			);
			name = Products;
			sourceTree = "<group>";
		};
		19022ECB183328890057EB7A /* Frameworks */ = {
			isa = PBXGroup;
			children = (
				19022ECC183328890057EB7A /* Foundation.framework */,
				19022ECE183328890057EB7A /* CoreGraphics.framework */,
				19022ED0183328890057EB7A /* UIKit.framework */,
				19022ED2183328890057EB7A /* CoreData.framework */,
				19022EEA183328890057EB7A /* XCTest.framework */,
				BAD75CB70ACC4647A45D91BD /* libPods-YumList.a */,
				0C7A10C88FC94EB3AABAA660 /* libPods-YumListTests.a */,
			);
			name = Frameworks;
			sourceTree = "<group>";
		};
		19022ED4183328890057EB7A /* YumList */ = {
			isa = PBXGroup;
			children = (
				19A35ACE18413A0B00F5966A /* Parser */,
				19A35ABE1841327500F5966A /* Network */,
				19022F1F183363480057EB7A /* Utilities */,
				19022F1418335A060057EB7A /* Views */,
				19022F0E183347720057EB7A /* Controllers */,
				19022F0118332D440057EB7A /* Persistence */,
				19022EDD183328890057EB7A /* AppDelegate.h */,
				19022EDE183328890057EB7A /* AppDelegate.m */,
				19022EE3183328890057EB7A /* Images.xcassets */,
				19022ED5183328890057EB7A /* Supporting Files */,
				19022F1B18335C830057EB7A /* Constants.h */,
			);
			path = YumList;
			sourceTree = "<group>";
		};
		19022ED5183328890057EB7A /* Supporting Files */ = {
			isa = PBXGroup;
			children = (
				19A63404183BAF8E002B8867 /* checkbox_underline.png */,
				19A63405183BAF8E002B8867 /* checkbox_underline@2x.png */,
				19A63402183BAA59002B8867 /* Raleway-Thin.ttf */,
				19A63400183B9EA2002B8867 /* Raleway-Regular.ttf */,
				19022ED6183328890057EB7A /* YumList-Info.plist */,
				19022ED7183328890057EB7A /* InfoPlist.strings */,
				19022EDA183328890057EB7A /* main.m */,
				19022EDC183328890057EB7A /* YumList-Prefix.pch */,
			);
			name = "Supporting Files";
			sourceTree = "<group>";
		};
		19022EF1183328890057EB7A /* YumListTests */ = {
			isa = PBXGroup;
			children = (
				19A35AB81841237700F5966A /* Fixtures */,
				19A6340E183BB5DE002B8867 /* NSString+Random */,
				19022EF7183328890057EB7A /* YumListTests.m */,
				19022EF2183328890057EB7A /* Supporting Files */,
				19022F1218334E2F0057EB7A /* ListItemTests.m */,
				19022F2518336D8F0057EB7A /* TableViewTests.m */,
				19022F2818336DF50057EB7A /* TestDataGenerator.m */,
				19022F31183376050057EB7A /* TestDataGenerator.h */,
				19A35AB618411F9600F5966A /* YumCollectorTests.m */,
			);
			path = YumListTests;
			sourceTree = "<group>";
		};
		19022EF2183328890057EB7A /* Supporting Files */ = {
			isa = PBXGroup;
			children = (
				19022EF3183328890057EB7A /* YumListTests-Info.plist */,
				19022EF4183328890057EB7A /* InfoPlist.strings */,
			);
			name = "Supporting Files";
			sourceTree = "<group>";
		};
		19022F0118332D440057EB7A /* Persistence */ = {
			isa = PBXGroup;
			children = (
				19022F0918333B580057EB7A /* Helpers */,
				19022F0518332E220057EB7A /* Models */,
				19022F0618332E400057EB7A /* PersistenceManager.h */,
				19022F0718332E400057EB7A /* PersistenceManager.m */,
			);
			name = Persistence;
			sourceTree = "<group>";
		};
		19022F0518332E220057EB7A /* Models */ = {
			isa = PBXGroup;
			children = (
				19022EE0183328890057EB7A /* YumList.xcdatamodeld */,
				19A962891842A929008E7CD1 /* YumSource.h */,
				19A9628A1842A929008E7CD1 /* YumSource.m */,
				199A33A018416AE100B9F368 /* YumItem.h */,
				199A33A118416AE100B9F368 /* YumItem.m */,
				19022F0218332E0A0057EB7A /* ListItem.h */,
				19022F0318332E0A0057EB7A /* ListItem.m */,
			);
			name = Models;
			sourceTree = "<group>";
		};
		19022F0918333B580057EB7A /* Helpers */ = {
			isa = PBXGroup;
			children = (
				19A633F3183B5B32002B8867 /* ListItem+ListItemHelpers.m */,
				19A633F4183B5B32002B8867 /* ListItem+ListItemHelpers.h */,
				19022F0A18333B700057EB7A /* NSManagedObject+Helpers.h */,
				19022F0B18333B700057EB7A /* NSManagedObject+Helpers.m */,
				19022F1818335BD70057EB7A /* NSFetchedResultsControllerFactory.h */,
				19022F1918335BD70057EB7A /* NSFetchedResultsControllerFactory.m */,
				19A35AC8184135EA00F5966A /* YumItem+YumItemHelpers.h */,
				19A35AC9184135EA00F5966A /* YumItem+YumItemHelpers.m */,
			);
			name = Helpers;
			sourceTree = "<group>";
		};
		19022F0E183347720057EB7A /* Controllers */ = {
			isa = PBXGroup;
			children = (
				19022F0F183348AA0057EB7A /* MainViewController.h */,
				19022F10183348AA0057EB7A /* MainViewController.m */,
				197A58E518429249008CDFA6 /* LeftViewController.h */,
				197A58E618429249008CDFA6 /* LeftViewController.m */,
			);
			name = Controllers;
			sourceTree = "<group>";
		};
		19022F1418335A060057EB7A /* Views */ = {
			isa = PBXGroup;
			children = (
				19022F5218344AD90057EB7A /* AFTextField.h */,
				19022F5318344AD90057EB7A /* AFTextField.m */,
				19A9628C1842CDF8008E7CD1 /* AddYumSourceCell.h */,
				19A9628D1842CDF8008E7CD1 /* AddYumSourceCell.m */,
				197A58EB1842A5A7008CDFA6 /* AddYumSourceSheet.h */,
				197A58EC1842A5A7008CDFA6 /* AddYumSourceSheet.m */,
				19022F1518335A950057EB7A /* ListTableView.h */,
				19022F1618335A950057EB7A /* ListTableView.m */,
				19022F1C183361470057EB7A /* ListItemTableViewCell.h */,
				19022F1D183361470057EB7A /* ListItemTableViewCell.m */,
				19022F4F183442D00057EB7A /* AddListItemTableViewHeader.h */,
				19022F50183442D00057EB7A /* AddListItemTableViewHeader.m */,
				19A633FB183B90DE002B8867 /* AFCheckbox.h */,
				19A633FC183B90DE002B8867 /* AFCheckbox.m */,
				197A58E8184294EB008CDFA6 /* HeaderToolbar.h */,
				197A58E9184294EB008CDFA6 /* HeaderToolbar.m */,
				199A33A318416F4700B9F368 /* UIView+LayoutHelpers.h */,
				199A33A418416F4700B9F368 /* UIView+LayoutHelpers.m */,
			);
			name = Views;
			sourceTree = "<group>";
		};
		19022F1F183363480057EB7A /* Utilities */ = {
			isa = PBXGroup;
			children = (
				19022F201833635F0057EB7A /* FormatUtils.h */,
				19022F211833635F0057EB7A /* FormatUtils.m */,
			);
			name = Utilities;
			sourceTree = "<group>";
		};
		19A35AB81841237700F5966A /* Fixtures */ = {
			isa = PBXGroup;
			children = (
				19A35AB91841238000F5966A /* yum-collection.html */,
			);
			name = Fixtures;
			sourceTree = "<group>";
		};
		19A35ABE1841327500F5966A /* Network */ = {
			isa = PBXGroup;
			children = (
				19A35AC51841345700F5966A /* YumCollector.h */,
				19A35AC61841345700F5966A /* YumCollector.m */,
			);
			name = Network;
			sourceTree = "<group>";
		};
		19A35ACE18413A0B00F5966A /* Parser */ = {
			isa = PBXGroup;
			children = (
				199A33A618427A2A00B9F368 /* Reveal.framework */,
				19A35ACB18413A0300F5966A /* YumParser.h */,
				19A35ACC18413A0300F5966A /* YumParser.m */,
			);
			name = Parser;
			sourceTree = "<group>";
		};
		19A6340E183BB5DE002B8867 /* NSString+Random */ = {
			isa = PBXGroup;
			children = (
				19A63408183BB5DA002B8867 /* NSString+Random.h */,
				19A63409183BB5DA002B8867 /* NSString+Random.m */,
				19A6340A183BB5DA002B8867 /* NSStringRandom.h */,
				19A6340B183BB5DA002B8867 /* NSStringRandom.m */,
			);
			name = "NSString+Random";
			sourceTree = "<group>";
		};
/* End PBXGroup section */

/* Begin PBXNativeTarget section */
		19022EC8183328890057EB7A /* YumList */ = {
			isa = PBXNativeTarget;
			buildConfigurationList = 19022EFB183328890057EB7A /* Build configuration list for PBXNativeTarget "YumList" */;
			buildPhases = (
				5C9E9F6E6CCB4B6CA3014676 /* Check Pods Manifest.lock */,
				19022EC5183328890057EB7A /* Sources */,
				19022EC6183328890057EB7A /* Frameworks */,
				19022EC7183328890057EB7A /* Resources */,
				4409555694654E7DB5108AEB /* Copy Pods Resources */,
			);
			buildRules = (
			);
			dependencies = (
			);
			name = YumList;
			productName = YumList;
			productReference = 19022EC9183328890057EB7A /* YumList.app */;
			productType = "com.apple.product-type.application";
		};
		19022EE8183328890057EB7A /* YumListTests */ = {
			isa = PBXNativeTarget;
			buildConfigurationList = 19022EFE183328890057EB7A /* Build configuration list for PBXNativeTarget "YumListTests" */;
			buildPhases = (
				899DD8C4D6544FFFB61E0D9B /* Check Pods Manifest.lock */,
				19022EE5183328890057EB7A /* Sources */,
				19022EE6183328890057EB7A /* Frameworks */,
				19022EE7183328890057EB7A /* Resources */,
				129813A2790D4845B7B5738C /* Copy Pods Resources */,
			);
			buildRules = (
			);
			dependencies = (
				19022EF0183328890057EB7A /* PBXTargetDependency */,
			);
			name = YumListTests;
			productName = YumListTests;
			productReference = 19022EE9183328890057EB7A /* YumListTests.xctest */;
			productType = "com.apple.product-type.bundle.unit-test";
		};
/* End PBXNativeTarget section */

/* Begin PBXProject section */
		19022EC1183328890057EB7A /* Project object */ = {
			isa = PBXProject;
			attributes = {
				LastUpgradeCheck = 0500;
				ORGANIZATIONNAME = Sashimiblade;
				TargetAttributes = {
					19022EE8183328890057EB7A = {
						TestTargetID = 19022EC8183328890057EB7A;
					};
				};
			};
			buildConfigurationList = 19022EC4183328890057EB7A /* Build configuration list for PBXProject "YumList" */;
			compatibilityVersion = "Xcode 3.2";
			developmentRegion = English;
			hasScannedForEncodings = 0;
			knownRegions = (
				en,
			);
			mainGroup = 19022EC0183328890057EB7A;
			productRefGroup = 19022ECA183328890057EB7A /* Products */;
			projectDirPath = "";
			projectRoot = "";
			targets = (
				19022EC8183328890057EB7A /* YumList */,
				19022EE8183328890057EB7A /* YumListTests */,
			);
		};
/* End PBXProject section */

/* Begin PBXResourcesBuildPhase section */
		19022EC7183328890057EB7A /* Resources */ = {
			isa = PBXResourcesBuildPhase;
			buildActionMask = 2147483647;
			files = (
				19022ED9183328890057EB7A /* InfoPlist.strings in Resources */,
				19A63403183BAA59002B8867 /* Raleway-Thin.ttf in Resources */,
				19A63406183BAF8E002B8867 /* checkbox_underline.png in Resources */,
				19022EE4183328890057EB7A /* Images.xcassets in Resources */,
				19A63407183BAF8E002B8867 /* checkbox_underline@2x.png in Resources */,
				19A63401183B9EA2002B8867 /* Raleway-Regular.ttf in Resources */,
			);
			runOnlyForDeploymentPostprocessing = 0;
		};
		19022EE7183328890057EB7A /* Resources */ = {
			isa = PBXResourcesBuildPhase;
			buildActionMask = 2147483647;
			files = (
				19A35ABA1841238000F5966A /* yum-collection.html in Resources */,
				19022EF6183328890057EB7A /* InfoPlist.strings in Resources */,
			);
			runOnlyForDeploymentPostprocessing = 0;
		};
/* End PBXResourcesBuildPhase section */

/* Begin PBXShellScriptBuildPhase section */
		129813A2790D4845B7B5738C /* Copy Pods Resources */ = {
			isa = PBXShellScriptBuildPhase;
			buildActionMask = 2147483647;
			files = (
			);
			inputPaths = (
			);
			name = "Copy Pods Resources";
			outputPaths = (
			);
			runOnlyForDeploymentPostprocessing = 0;
			shellPath = /bin/sh;
			shellScript = "\"${SRCROOT}/Pods/Pods-YumListTests-resources.sh\"\n";
			showEnvVarsInLog = 0;
		};
		4409555694654E7DB5108AEB /* Copy Pods Resources */ = {
			isa = PBXShellScriptBuildPhase;
			buildActionMask = 2147483647;
			files = (
			);
			inputPaths = (
			);
			name = "Copy Pods Resources";
			outputPaths = (
			);
			runOnlyForDeploymentPostprocessing = 0;
			shellPath = /bin/sh;
			shellScript = "\"${SRCROOT}/Pods/Pods-YumList-resources.sh\"\n";
			showEnvVarsInLog = 0;
		};
		5C9E9F6E6CCB4B6CA3014676 /* Check Pods Manifest.lock */ = {
			isa = PBXShellScriptBuildPhase;
			buildActionMask = 2147483647;
			files = (
			);
			inputPaths = (
			);
			name = "Check Pods Manifest.lock";
			outputPaths = (
			);
			runOnlyForDeploymentPostprocessing = 0;
			shellPath = /bin/sh;
			shellScript = "diff \"${PODS_ROOT}/../Podfile.lock\" \"${PODS_ROOT}/Manifest.lock\" > /dev/null\nif [[ $? != 0 ]] ; then\n    cat << EOM\nerror: The sandbox is not in sync with the Podfile.lock. Run 'pod install' or update your CocoaPods installation.\nEOM\n    exit 1\nfi\n";
			showEnvVarsInLog = 0;
		};
		899DD8C4D6544FFFB61E0D9B /* Check Pods Manifest.lock */ = {
			isa = PBXShellScriptBuildPhase;
			buildActionMask = 2147483647;
			files = (
			);
			inputPaths = (
			);
			name = "Check Pods Manifest.lock";
			outputPaths = (
			);
			runOnlyForDeploymentPostprocessing = 0;
			shellPath = /bin/sh;
			shellScript = "diff \"${PODS_ROOT}/../Podfile.lock\" \"${PODS_ROOT}/Manifest.lock\" > /dev/null\nif [[ $? != 0 ]] ; then\n    cat << EOM\nerror: The sandbox is not in sync with the Podfile.lock. Run 'pod install' or update your CocoaPods installation.\nEOM\n    exit 1\nfi\n";
			showEnvVarsInLog = 0;
		};
/* End PBXShellScriptBuildPhase section */

/* Begin PBXSourcesBuildPhase section */
		19022EC5183328890057EB7A /* Sources */ = {
			isa = PBXSourcesBuildPhase;
			buildActionMask = 2147483647;
			files = (
				19022F51183442D00057EB7A /* AddListItemTableViewHeader.m in Sources */,
				19022F0818332E400057EB7A /* PersistenceManager.m in Sources */,
				19022F1718335A950057EB7A /* ListTableView.m in Sources */,
				199A33A518416F4700B9F368 /* UIView+LayoutHelpers.m in Sources */,
				19A9628E1842CDF8008E7CD1 /* AddYumSourceCell.m in Sources */,
				19022F1E183361470057EB7A /* ListItemTableViewCell.m in Sources */,
				19A633FD183B90DE002B8867 /* AFCheckbox.m in Sources */,
				19022F5418344AD90057EB7A /* AFTextField.m in Sources */,
				19A633FA183B8DAA002B8867 /* MainViewController.m in Sources */,
				19BD001C183AEBCD00A95C6C /* NSManagedObject+Helpers.m in Sources */,
				191741321841684800A043EA /* ListItem.m in Sources */,
				19022F221833635F0057EB7A /* FormatUtils.m in Sources */,
				19A35ACD18413A0300F5966A /* YumParser.m in Sources */,
				19022EE2183328890057EB7A /* YumList.xcdatamodeld in Sources */,
				19022EDF183328890057EB7A /* AppDelegate.m in Sources */,
				19022F1A18335BD70057EB7A /* NSFetchedResultsControllerFactory.m in Sources */,
				197A58E718429249008CDFA6 /* LeftViewController.m in Sources */,
				19A633F5183B5B32002B8867 /* ListItem+ListItemHelpers.m in Sources */,
				19022EDB183328890057EB7A /* main.m in Sources */,
				197A58ED1842A5A7008CDFA6 /* AddYumSourceSheet.m in Sources */,
				19A35AC71841345700F5966A /* YumCollector.m in Sources */,
				197A58EA184294EB008CDFA6 /* HeaderToolbar.m in Sources */,
				19A9628B1842A929008E7CD1 /* YumSource.m in Sources */,
				19A35ACA184135EA00F5966A /* YumItem+YumItemHelpers.m in Sources */,
				199A33A218416AE100B9F368 /* YumItem.m in Sources */,
				19022F32183381B50057EB7A /* TestDataGenerator.m in Sources */,
			);
			runOnlyForDeploymentPostprocessing = 0;
		};
		19022EE5183328890057EB7A /* Sources */ = {
			isa = PBXSourcesBuildPhase;
			buildActionMask = 2147483647;
			files = (
				19022F1318334E2F0057EB7A /* ListItemTests.m in Sources */,
				19A6340D183BB5DA002B8867 /* NSStringRandom.m in Sources */,
				19022F2618336D8F0057EB7A /* TableViewTests.m in Sources */,
				19A6340C183BB5DA002B8867 /* NSString+Random.m in Sources */,
				19A35AB718411F9600F5966A /* YumCollectorTests.m in Sources */,
				19022F2918336DF50057EB7A /* TestDataGenerator.m in Sources */,
				19022EF8183328890057EB7A /* YumListTests.m in Sources */,
			);
			runOnlyForDeploymentPostprocessing = 0;
		};
/* End PBXSourcesBuildPhase section */

/* Begin PBXTargetDependency section */
		19022EF0183328890057EB7A /* PBXTargetDependency */ = {
			isa = PBXTargetDependency;
			target = 19022EC8183328890057EB7A /* YumList */;
			targetProxy = 19022EEF183328890057EB7A /* PBXContainerItemProxy */;
		};
/* End PBXTargetDependency section */

/* Begin PBXVariantGroup section */
		19022ED7183328890057EB7A /* InfoPlist.strings */ = {
			isa = PBXVariantGroup;
			children = (
				19022ED8183328890057EB7A /* en */,
			);
			name = InfoPlist.strings;
			sourceTree = "<group>";
		};
		19022EF4183328890057EB7A /* InfoPlist.strings */ = {
			isa = PBXVariantGroup;
			children = (
				19022EF5183328890057EB7A /* en */,
			);
			name = InfoPlist.strings;
			sourceTree = "<group>";
		};
/* End PBXVariantGroup section */

/* Begin XCBuildConfiguration section */
		19022EF9183328890057EB7A /* Debug */ = {
			isa = XCBuildConfiguration;
			buildSettings = {
				ALWAYS_SEARCH_USER_PATHS = NO;
				ARCHS = "$(ARCHS_STANDARD_INCLUDING_64_BIT)";
				CLANG_CXX_LANGUAGE_STANDARD = "gnu++0x";
				CLANG_CXX_LIBRARY = "libc++";
				CLANG_ENABLE_MODULES = YES;
				CLANG_ENABLE_OBJC_ARC = YES;
				CLANG_WARN_BOOL_CONVERSION = YES;
				CLANG_WARN_CONSTANT_CONVERSION = YES;
				CLANG_WARN_DIRECT_OBJC_ISA_USAGE = YES_ERROR;
				CLANG_WARN_EMPTY_BODY = YES;
				CLANG_WARN_ENUM_CONVERSION = YES;
				CLANG_WARN_INT_CONVERSION = YES;
				CLANG_WARN_OBJC_ROOT_CLASS = YES_ERROR;
				CLANG_WARN__DUPLICATE_METHOD_MATCH = YES;
				"CODE_SIGN_IDENTITY[sdk=iphoneos*]" = "iPhone Developer";
				COPY_PHASE_STRIP = NO;
				GCC_C_LANGUAGE_STANDARD = gnu99;
				GCC_DYNAMIC_NO_PIC = NO;
				GCC_OPTIMIZATION_LEVEL = 0;
				GCC_PREPROCESSOR_DEFINITIONS = (
					"DEBUG=1",
					"$(inherited)",
				);
				GCC_SYMBOLS_PRIVATE_EXTERN = NO;
				GCC_WARN_64_TO_32_BIT_CONVERSION = YES;
				GCC_WARN_ABOUT_RETURN_TYPE = YES_ERROR;
				GCC_WARN_UNDECLARED_SELECTOR = YES;
				GCC_WARN_UNINITIALIZED_AUTOS = YES;
				GCC_WARN_UNUSED_FUNCTION = YES;
				GCC_WARN_UNUSED_VARIABLE = YES;
				IPHONEOS_DEPLOYMENT_TARGET = 7.0;
				ONLY_ACTIVE_ARCH = YES;
				SDKROOT = iphoneos;
				TARGETED_DEVICE_FAMILY = "1,2";
			};
			name = Debug;
		};
		19022EFA183328890057EB7A /* Release */ = {
			isa = XCBuildConfiguration;
			buildSettings = {
				ALWAYS_SEARCH_USER_PATHS = NO;
				ARCHS = "$(ARCHS_STANDARD_INCLUDING_64_BIT)";
				CLANG_CXX_LANGUAGE_STANDARD = "gnu++0x";
				CLANG_CXX_LIBRARY = "libc++";
				CLANG_ENABLE_MODULES = YES;
				CLANG_ENABLE_OBJC_ARC = YES;
				CLANG_WARN_BOOL_CONVERSION = YES;
				CLANG_WARN_CONSTANT_CONVERSION = YES;
				CLANG_WARN_DIRECT_OBJC_ISA_USAGE = YES_ERROR;
				CLANG_WARN_EMPTY_BODY = YES;
				CLANG_WARN_ENUM_CONVERSION = YES;
				CLANG_WARN_INT_CONVERSION = YES;
				CLANG_WARN_OBJC_ROOT_CLASS = YES_ERROR;
				CLANG_WARN__DUPLICATE_METHOD_MATCH = YES;
				"CODE_SIGN_IDENTITY[sdk=iphoneos*]" = "iPhone Developer";
				COPY_PHASE_STRIP = YES;
				ENABLE_NS_ASSERTIONS = NO;
				GCC_C_LANGUAGE_STANDARD = gnu99;
				GCC_WARN_64_TO_32_BIT_CONVERSION = YES;
				GCC_WARN_ABOUT_RETURN_TYPE = YES_ERROR;
				GCC_WARN_UNDECLARED_SELECTOR = YES;
				GCC_WARN_UNINITIALIZED_AUTOS = YES;
				GCC_WARN_UNUSED_FUNCTION = YES;
				GCC_WARN_UNUSED_VARIABLE = YES;
				IPHONEOS_DEPLOYMENT_TARGET = 7.0;
				SDKROOT = iphoneos;
				TARGETED_DEVICE_FAMILY = "1,2";
				VALIDATE_PRODUCT = YES;
			};
			name = Release;
		};
		19022EFC183328890057EB7A /* Debug */ = {
			isa = XCBuildConfiguration;
			baseConfigurationReference = CF3E5BE010224CDB9FEFF0EB /* Pods-YumList.xcconfig */;
			buildSettings = {
				ARCHS = "$(ARCHS_STANDARD)";
				ASSETCATALOG_COMPILER_APPICON_NAME = AppIcon;
				ASSETCATALOG_COMPILER_LAUNCHIMAGE_NAME = LaunchImage;
				FRAMEWORK_SEARCH_PATHS = (
					"$(inherited)",
					"$(SYSTEM_APPS_DIR)/Reveal.app/Contents/SharedSupport/iOS-Libraries",
				);
				GCC_PRECOMPILE_PREFIX_HEADER = YES;
				GCC_PREFIX_HEADER = "YumList/YumList-Prefix.pch";
				INFOPLIST_FILE = "YumList/YumList-Info.plist";
				LIBRARY_SEARCH_PATHS = (
					"$(inherited)",
					/Users/akfreas/github/mPillar,
				);
				ONLY_ACTIVE_ARCH = YES;
				PRODUCT_NAME = "$(TARGET_NAME)";
				WRAPPER_EXTENSION = app;
			};
			name = Debug;
		};
		19022EFD183328890057EB7A /* Release */ = {
			isa = XCBuildConfiguration;
			baseConfigurationReference = CF3E5BE010224CDB9FEFF0EB /* Pods-YumList.xcconfig */;
			buildSettings = {
				ARCHS = "$(ARCHS_STANDARD)";
				ASSETCATALOG_COMPILER_APPICON_NAME = AppIcon;
				ASSETCATALOG_COMPILER_LAUNCHIMAGE_NAME = LaunchImage;
				FRAMEWORK_SEARCH_PATHS = (
					"$(inherited)",
					"$(SYSTEM_APPS_DIR)/Reveal.app/Contents/SharedSupport/iOS-Libraries",
				);
				GCC_PRECOMPILE_PREFIX_HEADER = YES;
				GCC_PREFIX_HEADER = "YumList/YumList-Prefix.pch";
				INFOPLIST_FILE = "YumList/YumList-Info.plist";
				LIBRARY_SEARCH_PATHS = (
					"$(inherited)",
					/Users/akfreas/github/mPillar,
				);
				ONLY_ACTIVE_ARCH = YES;
				PRODUCT_NAME = "$(TARGET_NAME)";
				WRAPPER_EXTENSION = app;
			};
			name = Release;
		};
		19022EFF183328890057EB7A /* Debug */ = {
			isa = XCBuildConfiguration;
			baseConfigurationReference = ABFAE3D966F545E385A0486F /* Pods-YumListTests.xcconfig */;
			buildSettings = {
				ARCHS = "$(ARCHS_STANDARD)";
				BUNDLE_LOADER = "$(BUILT_PRODUCTS_DIR)/YumList.app/YumList";
				FRAMEWORK_SEARCH_PATHS = (
					"$(SDKROOT)/Developer/Library/Frameworks",
					"$(inherited)",
					"$(DEVELOPER_FRAMEWORKS_DIR)",
				);
				GCC_PRECOMPILE_PREFIX_HEADER = YES;
				GCC_PREFIX_HEADER = "YumList/YumList-Prefix.pch";
				GCC_PREPROCESSOR_DEFINITIONS = (
					"DEBUG=1",
					"$(inherited)",
				);
				INFOPLIST_FILE = "YumListTests/YumListTests-Info.plist";
				ONLY_ACTIVE_ARCH = YES;
				PRODUCT_NAME = "$(TARGET_NAME)";
				TEST_HOST = "$(BUNDLE_LOADER)";
				WRAPPER_EXTENSION = xctest;
			};
			name = Debug;
		};
		19022F00183328890057EB7A /* Release */ = {
			isa = XCBuildConfiguration;
			baseConfigurationReference = ABFAE3D966F545E385A0486F /* Pods-YumListTests.xcconfig */;
			buildSettings = {
				ARCHS = "$(ARCHS_STANDARD)";
				BUNDLE_LOADER = "$(BUILT_PRODUCTS_DIR)/YumList.app/YumList";
				FRAMEWORK_SEARCH_PATHS = (
					"$(SDKROOT)/Developer/Library/Frameworks",
					"$(inherited)",
					"$(DEVELOPER_FRAMEWORKS_DIR)",
				);
				GCC_OPTIMIZATION_LEVEL = 0;
				GCC_PRECOMPILE_PREFIX_HEADER = YES;
				GCC_PREFIX_HEADER = "YumList/YumList-Prefix.pch";
				INFOPLIST_FILE = "YumListTests/YumListTests-Info.plist";
				ONLY_ACTIVE_ARCH = YES;
				PRODUCT_NAME = "$(TARGET_NAME)";
				TEST_HOST = "$(BUNDLE_LOADER)";
				WRAPPER_EXTENSION = xctest;
			};
			name = Release;
		};
/* End XCBuildConfiguration section */

/* Begin XCConfigurationList section */
		19022EC4183328890057EB7A /* Build configuration list for PBXProject "YumList" */ = {
			isa = XCConfigurationList;
			buildConfigurations = (
				19022EF9183328890057EB7A /* Debug */,
				19022EFA183328890057EB7A /* Release */,
			);
			defaultConfigurationIsVisible = 0;
			defaultConfigurationName = Release;
		};
		19022EFB183328890057EB7A /* Build configuration list for PBXNativeTarget "YumList" */ = {
			isa = XCConfigurationList;
			buildConfigurations = (
				19022EFC183328890057EB7A /* Debug */,
				19022EFD183328890057EB7A /* Release */,
			);
			defaultConfigurationIsVisible = 0;
			defaultConfigurationName = Release;
		};
		19022EFE183328890057EB7A /* Build configuration list for PBXNativeTarget "YumListTests" */ = {
			isa = XCConfigurationList;
			buildConfigurations = (
				19022EFF183328890057EB7A /* Debug */,
				19022F00183328890057EB7A /* Release */,
			);
			defaultConfigurationIsVisible = 0;
			defaultConfigurationName = Release;
		};
/* End XCConfigurationList section */

/* Begin XCVersionGroup section */
		19022EE0183328890057EB7A /* YumList.xcdatamodeld */ = {
			isa = XCVersionGroup;
			children = (
				19022EE1183328890057EB7A /* YumList.xcdatamodel */,
			);
			currentVersion = 19022EE1183328890057EB7A /* YumList.xcdatamodel */;
			path = YumList.xcdatamodeld;
			sourceTree = "<group>";
			versionGroupType = wrapper.xcdatamodel;
		};
/* End XCVersionGroup section */
	};
	rootObject = 19022EC1183328890057EB7A /* Project object */;
}
